// !$*UTF8*$!
{
	archiveVersion = 1;
	classes = {
	};
	objectVersion = 46;
	objects = {

/* Begin PBXBuildFile section */
		0091D8F90E81B9330029341E /* OpenGL.framework in Frameworks */ = {isa = PBXBuildFile; fileRef = 0091D8F80E81B9330029341E /* OpenGL.framework */; };
		00B784B30FF439BC000DE1D7 /* Accelerate.framework in Frameworks */ = {isa = PBXBuildFile; fileRef = 00B784AF0FF439BC000DE1D7 /* Accelerate.framework */; };
		00B784B40FF439BC000DE1D7 /* AudioToolbox.framework in Frameworks */ = {isa = PBXBuildFile; fileRef = 00B784B00FF439BC000DE1D7 /* AudioToolbox.framework */; };
		00B784B50FF439BC000DE1D7 /* AudioUnit.framework in Frameworks */ = {isa = PBXBuildFile; fileRef = 00B784B10FF439BC000DE1D7 /* AudioUnit.framework */; };
		00B784B60FF439BC000DE1D7 /* CoreAudio.framework in Frameworks */ = {isa = PBXBuildFile; fileRef = 00B784B20FF439BC000DE1D7 /* CoreAudio.framework */; };
		362C7EC740F54BFAB1795790 /* TCPAsyncClient.cpp in Sources */ = {isa = PBXBuildFile; fileRef = 8A666A0F6DE443B3A8E1D4F4 /* TCPAsyncClient.cpp */; };
		4823E96D1B245EC700455369 /* User.cpp in Sources */ = {isa = PBXBuildFile; fileRef = 4823E96B1B245EC700455369 /* User.cpp */; };
		4823E9701B245FD900455369 /* UI.cpp in Sources */ = {isa = PBXBuildFile; fileRef = 4823E96E1B245FD900455369 /* UI.cpp */; };
		4823E9731B2461C100455369 /* Track.cpp in Sources */ = {isa = PBXBuildFile; fileRef = 4823E9711B2461C100455369 /* Track.cpp */; };
		4823E9761B24657400455369 /* Cam.cpp in Sources */ = {isa = PBXBuildFile; fileRef = 4823E9741B24657400455369 /* Cam.cpp */; };
		4823E9791B24708B00455369 /* Story.cpp in Sources */ = {isa = PBXBuildFile; fileRef = 4823E9771B24708B00455369 /* Story.cpp */; };
		484F92C21B265BBC003DD378 /* Conciousness.cpp in Sources */ = {isa = PBXBuildFile; fileRef = 484F92C01B265BBC003DD378 /* Conciousness.cpp */; };
		484F92C51B26E22F003DD378 /* Compiler.cpp in Sources */ = {isa = PBXBuildFile; fileRef = 484F92C31B26E22E003DD378 /* Compiler.cpp */; };
		484F92C81B26E9FE003DD378 /* Card.cpp in Sources */ = {isa = PBXBuildFile; fileRef = 484F92C61B26E9FE003DD378 /* Card.cpp */; };
		485EE3BF1B25CAED005EE327 /* CodeMoment.cpp in Sources */ = {isa = PBXBuildFile; fileRef = 485EE3BD1B25CAED005EE327 /* CodeMoment.cpp */; };
		487BDB461B27062E00B60CD7 /* Timing.cpp in Sources */ = {isa = PBXBuildFile; fileRef = 487BDB441B27062E00B60CD7 /* Timing.cpp */; };
		48FC44131B2AD9550008E7A8 /* Tag.cpp in Sources */ = {isa = PBXBuildFile; fileRef = 48FC44111B2AD9550008E7A8 /* Tag.cpp */; };
		5323E6B20EAFCA74003A9687 /* CoreVideo.framework in Frameworks */ = {isa = PBXBuildFile; fileRef = 5323E6B10EAFCA74003A9687 /* CoreVideo.framework */; };
		5323E6B60EAFCA7E003A9687 /* QTKit.framework in Frameworks */ = {isa = PBXBuildFile; fileRef = 5323E6B50EAFCA7E003A9687 /* QTKit.framework */; };
		5ABF03D2F206467BBEBD609B /* MPEClient.cpp in Sources */ = {isa = PBXBuildFile; fileRef = 5974C07573F94EAD87C0947F /* MPEClient.cpp */; };
		8D11072F0486CEB800E47090 /* Cocoa.framework in Frameworks */ = {isa = PBXBuildFile; fileRef = 1058C7A1FEA54F0111CA2CBB /* Cocoa.framework */; };
		A6E3BD37EE754F2C88D95BFA /* TCPClient.cpp in Sources */ = {isa = PBXBuildFile; fileRef = 932B8B725AB84CA99C6FD3D7 /* TCPClient.cpp */; };
		E62D4630DFDA48A0860B2185 /* multiuserApp.cpp in Sources */ = {isa = PBXBuildFile; fileRef = 6E4CB8B5F2A14631BF025FFF /* multiuserApp.cpp */; };
		FA0C2C293BC84E0B9F13EAA9 /* CinderApp.icns in Resources */ = {isa = PBXBuildFile; fileRef = E76CA0F13E2744E98C071A97 /* CinderApp.icns */; };
/* End PBXBuildFile section */

/* Begin PBXFileReference section */
		0091D8F80E81B9330029341E /* OpenGL.framework */ = {isa = PBXFileReference; lastKnownFileType = wrapper.framework; name = OpenGL.framework; path = /System/Library/Frameworks/OpenGL.framework; sourceTree = "<absolute>"; };
		00B784AF0FF439BC000DE1D7 /* Accelerate.framework */ = {isa = PBXFileReference; lastKnownFileType = wrapper.framework; name = Accelerate.framework; path = System/Library/Frameworks/Accelerate.framework; sourceTree = SDKROOT; };
		00B784B00FF439BC000DE1D7 /* AudioToolbox.framework */ = {isa = PBXFileReference; lastKnownFileType = wrapper.framework; name = AudioToolbox.framework; path = System/Library/Frameworks/AudioToolbox.framework; sourceTree = SDKROOT; };
		00B784B10FF439BC000DE1D7 /* AudioUnit.framework */ = {isa = PBXFileReference; lastKnownFileType = wrapper.framework; name = AudioUnit.framework; path = System/Library/Frameworks/AudioUnit.framework; sourceTree = SDKROOT; };
		00B784B20FF439BC000DE1D7 /* CoreAudio.framework */ = {isa = PBXFileReference; lastKnownFileType = wrapper.framework; name = CoreAudio.framework; path = System/Library/Frameworks/CoreAudio.framework; sourceTree = SDKROOT; };
		082A83646729480EB3E50AEA /* MPEProtocol.hpp */ = {isa = PBXFileReference; lastKnownFileType = "\"\""; name = MPEProtocol.hpp; path = "../blocks/Most-Pixels-Ever/include/MPEProtocol.hpp"; sourceTree = "<group>"; };
		1058C7A1FEA54F0111CA2CBB /* Cocoa.framework */ = {isa = PBXFileReference; lastKnownFileType = wrapper.framework; name = Cocoa.framework; path = /System/Library/Frameworks/Cocoa.framework; sourceTree = "<absolute>"; };
		14D15C2C97CE4D26A804C49C /* TCPClient.h */ = {isa = PBXFileReference; lastKnownFileType = sourcecode.c.h; name = TCPClient.h; path = "../blocks/Most-Pixels-Ever/include/TCPClient.h"; sourceTree = "<group>"; };
		29B97324FDCFA39411CA2CEA /* AppKit.framework */ = {isa = PBXFileReference; lastKnownFileType = wrapper.framework; name = AppKit.framework; path = /System/Library/Frameworks/AppKit.framework; sourceTree = "<absolute>"; };
		29B97325FDCFA39411CA2CEA /* Foundation.framework */ = {isa = PBXFileReference; lastKnownFileType = wrapper.framework; name = Foundation.framework; path = /System/Library/Frameworks/Foundation.framework; sourceTree = "<absolute>"; };
		2B66667A09C84BE48FD431A4 /* MPEMessageHandler.hpp */ = {isa = PBXFileReference; lastKnownFileType = "\"\""; name = MPEMessageHandler.hpp; path = "../blocks/Most-Pixels-Ever/include/MPEMessageHandler.hpp"; sourceTree = "<group>"; };
		2BA811AF4C7C44DB86C1E02C /* OscBundle.h */ = {isa = PBXFileReference; lastKnownFileType = sourcecode.c.h; name = OscBundle.h; path = "../blocks/cinder-OSC/include/OscBundle.h"; sourceTree = "<group>"; };
		4823E96B1B245EC700455369 /* User.cpp */ = {isa = PBXFileReference; fileEncoding = 4; lastKnownFileType = sourcecode.cpp.cpp; name = User.cpp; path = ../src/User.cpp; sourceTree = "<group>"; };
		4823E96C1B245EC700455369 /* User.h */ = {isa = PBXFileReference; fileEncoding = 4; lastKnownFileType = sourcecode.c.h; name = User.h; path = ../src/User.h; sourceTree = "<group>"; };
		4823E96E1B245FD900455369 /* UI.cpp */ = {isa = PBXFileReference; fileEncoding = 4; lastKnownFileType = sourcecode.cpp.cpp; name = UI.cpp; path = ../src/UI.cpp; sourceTree = "<group>"; };
		4823E96F1B245FD900455369 /* UI.h */ = {isa = PBXFileReference; fileEncoding = 4; lastKnownFileType = sourcecode.c.h; name = UI.h; path = ../src/UI.h; sourceTree = "<group>"; };
		4823E9711B2461C100455369 /* Track.cpp */ = {isa = PBXFileReference; fileEncoding = 4; lastKnownFileType = sourcecode.cpp.cpp; name = Track.cpp; path = ../src/Track.cpp; sourceTree = "<group>"; };
		4823E9721B2461C100455369 /* Track.h */ = {isa = PBXFileReference; fileEncoding = 4; lastKnownFileType = sourcecode.c.h; name = Track.h; path = ../src/Track.h; sourceTree = "<group>"; };
		4823E9741B24657400455369 /* Cam.cpp */ = {isa = PBXFileReference; fileEncoding = 4; lastKnownFileType = sourcecode.cpp.cpp; name = Cam.cpp; path = ../src/Cam.cpp; sourceTree = "<group>"; };
		4823E9751B24657400455369 /* Cam.h */ = {isa = PBXFileReference; fileEncoding = 4; lastKnownFileType = sourcecode.c.h; name = Cam.h; path = ../src/Cam.h; sourceTree = "<group>"; };
		4823E9771B24708B00455369 /* Story.cpp */ = {isa = PBXFileReference; fileEncoding = 4; lastKnownFileType = sourcecode.cpp.cpp; name = Story.cpp; path = ../src/Story.cpp; sourceTree = "<group>"; };
		4823E9781B24708B00455369 /* Story.h */ = {isa = PBXFileReference; fileEncoding = 4; lastKnownFileType = sourcecode.c.h; name = Story.h; path = ../src/Story.h; sourceTree = "<group>"; };
		484F92C01B265BBC003DD378 /* Conciousness.cpp */ = {isa = PBXFileReference; fileEncoding = 4; lastKnownFileType = sourcecode.cpp.cpp; name = Conciousness.cpp; path = ../src/Conciousness.cpp; sourceTree = "<group>"; };
		484F92C11B265BBC003DD378 /* Conciousness.h */ = {isa = PBXFileReference; fileEncoding = 4; lastKnownFileType = sourcecode.c.h; name = Conciousness.h; path = ../src/Conciousness.h; sourceTree = "<group>"; };
		484F92C31B26E22E003DD378 /* Compiler.cpp */ = {isa = PBXFileReference; fileEncoding = 4; lastKnownFileType = sourcecode.cpp.cpp; name = Compiler.cpp; path = ../src/Compiler.cpp; sourceTree = "<group>"; };
		484F92C41B26E22E003DD378 /* Compiler.h */ = {isa = PBXFileReference; fileEncoding = 4; lastKnownFileType = sourcecode.c.h; name = Compiler.h; path = ../src/Compiler.h; sourceTree = "<group>"; };
		484F92C61B26E9FE003DD378 /* Card.cpp */ = {isa = PBXFileReference; fileEncoding = 4; lastKnownFileType = sourcecode.cpp.cpp; name = Card.cpp; path = ../src/Card.cpp; sourceTree = "<group>"; };
		484F92C71B26E9FE003DD378 /* Card.h */ = {isa = PBXFileReference; fileEncoding = 4; lastKnownFileType = sourcecode.c.h; name = Card.h; path = ../src/Card.h; sourceTree = "<group>"; };
		485EE3BD1B25CAED005EE327 /* CodeMoment.cpp */ = {isa = PBXFileReference; fileEncoding = 4; lastKnownFileType = sourcecode.cpp.cpp; name = CodeMoment.cpp; path = ../src/CodeMoment.cpp; sourceTree = "<group>"; };
		485EE3BE1B25CAED005EE327 /* CodeMoment.h */ = {isa = PBXFileReference; fileEncoding = 4; lastKnownFileType = sourcecode.c.h; name = CodeMoment.h; path = ../src/CodeMoment.h; sourceTree = "<group>"; };
		487BDB441B27062E00B60CD7 /* Timing.cpp */ = {isa = PBXFileReference; fileEncoding = 4; lastKnownFileType = sourcecode.cpp.cpp; name = Timing.cpp; path = ../src/Timing.cpp; sourceTree = "<group>"; };
		487BDB451B27062E00B60CD7 /* Timing.h */ = {isa = PBXFileReference; fileEncoding = 4; lastKnownFileType = sourcecode.c.h; name = Timing.h; path = ../src/Timing.h; sourceTree = "<group>"; };
		48FC44111B2AD9550008E7A8 /* Tag.cpp */ = {isa = PBXFileReference; fileEncoding = 4; lastKnownFileType = sourcecode.cpp.cpp; name = Tag.cpp; path = ../src/Tag.cpp; sourceTree = "<group>"; };
		48FC44121B2AD9550008E7A8 /* Tag.h */ = {isa = PBXFileReference; fileEncoding = 4; lastKnownFileType = sourcecode.c.h; name = Tag.h; path = ../src/Tag.h; sourceTree = "<group>"; };
		5323E6B10EAFCA74003A9687 /* CoreVideo.framework */ = {isa = PBXFileReference; lastKnownFileType = wrapper.framework; name = CoreVideo.framework; path = /System/Library/Frameworks/CoreVideo.framework; sourceTree = "<absolute>"; };
		5323E6B50EAFCA7E003A9687 /* QTKit.framework */ = {isa = PBXFileReference; lastKnownFileType = wrapper.framework; name = QTKit.framework; path = /System/Library/Frameworks/QTKit.framework; sourceTree = "<absolute>"; };
		586A25E1CEB948699AA13A94 /* MPEApp.hpp */ = {isa = PBXFileReference; lastKnownFileType = "\"\""; name = MPEApp.hpp; path = "../blocks/Most-Pixels-Ever/include/MPEApp.hpp"; sourceTree = "<group>"; };
		5974C07573F94EAD87C0947F /* MPEClient.cpp */ = {isa = PBXFileReference; lastKnownFileType = sourcecode.c.cpp; name = MPEClient.cpp; path = "../blocks/Most-Pixels-Ever/src/MPEClient.cpp"; sourceTree = "<group>"; };
		6E4CB8B5F2A14631BF025FFF /* multiuserApp.cpp */ = {isa = PBXFileReference; lastKnownFileType = sourcecode.c.cpp; name = multiuserApp.cpp; path = ../src/multiuserApp.cpp; sourceTree = "<group>"; };
		743DC8A512D64048A8E70938 /* TCPAsyncClient.h */ = {isa = PBXFileReference; lastKnownFileType = sourcecode.c.h; name = TCPAsyncClient.h; path = "../blocks/Most-Pixels-Ever/include/TCPAsyncClient.h"; sourceTree = "<group>"; };
		8549678FA3594A5EAA3A0D71 /* multiuser_Prefix.pch */ = {isa = PBXFileReference; lastKnownFileType = "\"\""; path = multiuser_Prefix.pch; sourceTree = "<group>"; };
		8A666A0F6DE443B3A8E1D4F4 /* TCPAsyncClient.cpp */ = {isa = PBXFileReference; lastKnownFileType = sourcecode.c.cpp; name = TCPAsyncClient.cpp; path = "../blocks/Most-Pixels-Ever/src/TCPAsyncClient.cpp"; sourceTree = "<group>"; };
		8D1107320486CEB800E47090 /* multiuser.app */ = {isa = PBXFileReference; explicitFileType = wrapper.application; includeInIndex = 0; path = multiuser.app; sourceTree = BUILT_PRODUCTS_DIR; };
		932B8B725AB84CA99C6FD3D7 /* TCPClient.cpp */ = {isa = PBXFileReference; lastKnownFileType = sourcecode.c.cpp; name = TCPClient.cpp; path = "../blocks/Most-Pixels-Ever/src/TCPClient.cpp"; sourceTree = "<group>"; };
		A245E8B194D74356A0DF2E66 /* Resources.h */ = {isa = PBXFileReference; lastKnownFileType = sourcecode.c.h; name = Resources.h; path = ../include/Resources.h; sourceTree = "<group>"; };
		BB04E3B2A855464BB9518D06 /* MPEClient.h */ = {isa = PBXFileReference; lastKnownFileType = sourcecode.c.h; name = MPEClient.h; path = "../blocks/Most-Pixels-Ever/include/MPEClient.h"; sourceTree = "<group>"; };
		DD7309F16E2043F4B4E4F4CD /* Info.plist */ = {isa = PBXFileReference; lastKnownFileType = text.plist.xml; path = Info.plist; sourceTree = "<group>"; };
		E76CA0F13E2744E98C071A97 /* CinderApp.icns */ = {isa = PBXFileReference; lastKnownFileType = image.icns; name = CinderApp.icns; path = ../resources/CinderApp.icns; sourceTree = "<group>"; };
/* End PBXFileReference section */

/* Begin PBXFrameworksBuildPhase section */
		8D11072E0486CEB800E47090 /* Frameworks */ = {
			isa = PBXFrameworksBuildPhase;
			buildActionMask = 2147483647;
			files = (
				8D11072F0486CEB800E47090 /* Cocoa.framework in Frameworks */,
				0091D8F90E81B9330029341E /* OpenGL.framework in Frameworks */,
				5323E6B20EAFCA74003A9687 /* CoreVideo.framework in Frameworks */,
				5323E6B60EAFCA7E003A9687 /* QTKit.framework in Frameworks */,
				00B784B30FF439BC000DE1D7 /* Accelerate.framework in Frameworks */,
				00B784B40FF439BC000DE1D7 /* AudioToolbox.framework in Frameworks */,
				00B784B50FF439BC000DE1D7 /* AudioUnit.framework in Frameworks */,
				00B784B60FF439BC000DE1D7 /* CoreAudio.framework in Frameworks */,
			);
			runOnlyForDeploymentPostprocessing = 0;
		};
/* End PBXFrameworksBuildPhase section */

/* Begin PBXGroup section */
		01B97315FEAEA392516A2CEA /* Blocks */ = {
			isa = PBXGroup;
			children = (
				1AF819D9FC25461EB578EA8A /* cinder-OSC */,
				03A1004B99B14C4EAA692AB4 /* Most-Pixels-Ever */,
			);
			name = Blocks;
			sourceTree = "<group>";
		};
		03A1004B99B14C4EAA692AB4 /* Most-Pixels-Ever */ = {
			isa = PBXGroup;
			children = (
				2B2CBA5EDC2340B284807DD2 /* include */,
				5BCD639CCF9844849CFD87B9 /* src */,
			);
			name = "Most-Pixels-Ever";
			sourceTree = "<group>";
		};
		080E96DDFE201D6D7F000001 /* Source */ = {
			isa = PBXGroup;
			children = (
				6E4CB8B5F2A14631BF025FFF /* multiuserApp.cpp */,
				4823E96B1B245EC700455369 /* User.cpp */,
				4823E96E1B245FD900455369 /* UI.cpp */,
				4823E9711B2461C100455369 /* Track.cpp */,
				4823E9741B24657400455369 /* Cam.cpp */,
				4823E9771B24708B00455369 /* Story.cpp */,
				484F92C31B26E22E003DD378 /* Compiler.cpp */,
				48FC44111B2AD9550008E7A8 /* Tag.cpp */,
				487BDB471B2708AF00B60CD7 /* subs */,
			);
			name = Source;
			sourceTree = "<group>";
		};
		1058C7A0FEA54F0111CA2CBB /* Linked Frameworks */ = {
			isa = PBXGroup;
			children = (
				00B784AF0FF439BC000DE1D7 /* Accelerate.framework */,
				00B784B00FF439BC000DE1D7 /* AudioToolbox.framework */,
				00B784B10FF439BC000DE1D7 /* AudioUnit.framework */,
				00B784B20FF439BC000DE1D7 /* CoreAudio.framework */,
				5323E6B50EAFCA7E003A9687 /* QTKit.framework */,
				5323E6B10EAFCA74003A9687 /* CoreVideo.framework */,
				0091D8F80E81B9330029341E /* OpenGL.framework */,
				1058C7A1FEA54F0111CA2CBB /* Cocoa.framework */,
			);
			name = "Linked Frameworks";
			sourceTree = "<group>";
		};
		1058C7A2FEA54F0111CA2CBB /* Other Frameworks */ = {
			isa = PBXGroup;
			children = (
				29B97324FDCFA39411CA2CEA /* AppKit.framework */,
				29B97325FDCFA39411CA2CEA /* Foundation.framework */,
			);
			name = "Other Frameworks";
			sourceTree = "<group>";
		};
		19C28FACFE9D520D11CA2CBB /* Products */ = {
			isa = PBXGroup;
			children = (
				8D1107320486CEB800E47090 /* multiuser.app */,
			);
			name = Products;
			sourceTree = "<group>";
		};
		1AF819D9FC25461EB578EA8A /* cinder-OSC */ = {
			isa = PBXGroup;
			children = (
				549B3DA112BC4B0FB7656B61 /* include */,
			);
			name = "cinder-OSC";
			sourceTree = "<group>";
		};
		29B97314FDCFA39411CA2CEA /* multiuser */ = {
			isa = PBXGroup;
			children = (
				01B97315FEAEA392516A2CEA /* Blocks */,
				29B97315FDCFA39411CA2CEA /* Headers */,
				080E96DDFE201D6D7F000001 /* Source */,
				29B97317FDCFA39411CA2CEA /* Resources */,
				29B97323FDCFA39411CA2CEA /* Frameworks */,
				19C28FACFE9D520D11CA2CBB /* Products */,
			);
			name = multiuser;
			sourceTree = "<group>";
		};
		29B97315FDCFA39411CA2CEA /* Headers */ = {
			isa = PBXGroup;
			children = (
				48FC44121B2AD9550008E7A8 /* Tag.h */,
				487BDB451B27062E00B60CD7 /* Timing.h */,
				A245E8B194D74356A0DF2E66 /* Resources.h */,
				4823E96C1B245EC700455369 /* User.h */,
				4823E96F1B245FD900455369 /* UI.h */,
				8549678FA3594A5EAA3A0D71 /* multiuser_Prefix.pch */,
				4823E9751B24657400455369 /* Cam.h */,
				4823E9781B24708B00455369 /* Story.h */,
				484F92C41B26E22E003DD378 /* Compiler.h */,
				485EE3BE1B25CAED005EE327 /* CodeMoment.h */,
				4823E9721B2461C100455369 /* Track.h */,
				484F92C71B26E9FE003DD378 /* Card.h */,
				484F92C11B265BBC003DD378 /* Conciousness.h */,
			);
			name = Headers;
			sourceTree = "<group>";
		};
		29B97317FDCFA39411CA2CEA /* Resources */ = {
			isa = PBXGroup;
			children = (
				E76CA0F13E2744E98C071A97 /* CinderApp.icns */,
				DD7309F16E2043F4B4E4F4CD /* Info.plist */,
			);
			name = Resources;
			sourceTree = "<group>";
		};
		29B97323FDCFA39411CA2CEA /* Frameworks */ = {
			isa = PBXGroup;
			children = (
				1058C7A0FEA54F0111CA2CBB /* Linked Frameworks */,
				1058C7A2FEA54F0111CA2CBB /* Other Frameworks */,
			);
			name = Frameworks;
			sourceTree = "<group>";
		};
		2B2CBA5EDC2340B284807DD2 /* include */ = {
			isa = PBXGroup;
			children = (
				586A25E1CEB948699AA13A94 /* MPEApp.hpp */,
				BB04E3B2A855464BB9518D06 /* MPEClient.h */,
				2B66667A09C84BE48FD431A4 /* MPEMessageHandler.hpp */,
				082A83646729480EB3E50AEA /* MPEProtocol.hpp */,
				743DC8A512D64048A8E70938 /* TCPAsyncClient.h */,
				14D15C2C97CE4D26A804C49C /* TCPClient.h */,
			);
			name = include;
			sourceTree = "<group>";
		};
		487BDB471B2708AF00B60CD7 /* subs */ = {
			isa = PBXGroup;
			children = (
				485EE3BD1B25CAED005EE327 /* CodeMoment.cpp */,
				484F92C01B265BBC003DD378 /* Conciousness.cpp */,
				484F92C61B26E9FE003DD378 /* Card.cpp */,
				487BDB441B27062E00B60CD7 /* Timing.cpp */,
			);
			name = subs;
			sourceTree = "<group>";
		};
		549B3DA112BC4B0FB7656B61 /* include */ = {
			isa = PBXGroup;
			children = (
				2BA811AF4C7C44DB86C1E02C /* OscBundle.h */,
			);
			name = include;
			sourceTree = "<group>";
		};
		5BCD639CCF9844849CFD87B9 /* src */ = {
			isa = PBXGroup;
			children = (
				5974C07573F94EAD87C0947F /* MPEClient.cpp */,
				8A666A0F6DE443B3A8E1D4F4 /* TCPAsyncClient.cpp */,
				932B8B725AB84CA99C6FD3D7 /* TCPClient.cpp */,
			);
			name = src;
			sourceTree = "<group>";
		};
/* End PBXGroup section */

/* Begin PBXNativeTarget section */
		8D1107260486CEB800E47090 /* multiuser */ = {
			isa = PBXNativeTarget;
			buildConfigurationList = C01FCF4A08A954540054247B /* Build configuration list for PBXNativeTarget "multiuser" */;
			buildPhases = (
				8D1107290486CEB800E47090 /* Resources */,
				8D11072C0486CEB800E47090 /* Sources */,
				8D11072E0486CEB800E47090 /* Frameworks */,
			);
			buildRules = (
			);
			dependencies = (
			);
			name = multiuser;
			productInstallPath = "$(HOME)/Applications";
			productName = multiuser;
			productReference = 8D1107320486CEB800E47090 /* multiuser.app */;
			productType = "com.apple.product-type.application";
		};
/* End PBXNativeTarget section */

/* Begin PBXProject section */
		29B97313FDCFA39411CA2CEA /* Project object */ = {
			isa = PBXProject;
			attributes = {
			};
			buildConfigurationList = C01FCF4E08A954540054247B /* Build configuration list for PBXProject "multiuser" */;
			compatibilityVersion = "Xcode 3.2";
			developmentRegion = English;
			hasScannedForEncodings = 1;
			knownRegions = (
				English,
				Japanese,
				French,
				German,
			);
			mainGroup = 29B97314FDCFA39411CA2CEA /* multiuser */;
			projectDirPath = "";
			projectRoot = "";
			targets = (
				8D1107260486CEB800E47090 /* multiuser */,
			);
		};
/* End PBXProject section */

/* Begin PBXResourcesBuildPhase section */
		8D1107290486CEB800E47090 /* Resources */ = {
			isa = PBXResourcesBuildPhase;
			buildActionMask = 2147483647;
			files = (
				FA0C2C293BC84E0B9F13EAA9 /* CinderApp.icns in Resources */,
			);
			runOnlyForDeploymentPostprocessing = 0;
		};
/* End PBXResourcesBuildPhase section */

/* Begin PBXSourcesBuildPhase section */
		8D11072C0486CEB800E47090 /* Sources */ = {
			isa = PBXSourcesBuildPhase;
			buildActionMask = 2147483647;
			files = (
				485EE3BF1B25CAED005EE327 /* CodeMoment.cpp in Sources */,
				4823E9731B2461C100455369 /* Track.cpp in Sources */,
				4823E9761B24657400455369 /* Cam.cpp in Sources */,
				E62D4630DFDA48A0860B2185 /* multiuserApp.cpp in Sources */,
				484F92C51B26E22F003DD378 /* Compiler.cpp in Sources */,
				487BDB461B27062E00B60CD7 /* Timing.cpp in Sources */,
				4823E9701B245FD900455369 /* UI.cpp in Sources */,
				5ABF03D2F206467BBEBD609B /* MPEClient.cpp in Sources */,
				484F92C21B265BBC003DD378 /* Conciousness.cpp in Sources */,
				362C7EC740F54BFAB1795790 /* TCPAsyncClient.cpp in Sources */,
				A6E3BD37EE754F2C88D95BFA /* TCPClient.cpp in Sources */,
				4823E96D1B245EC700455369 /* User.cpp in Sources */,
				48FC44131B2AD9550008E7A8 /* Tag.cpp in Sources */,
				4823E9791B24708B00455369 /* Story.cpp in Sources */,
				484F92C81B26E9FE003DD378 /* Card.cpp in Sources */,
			);
			runOnlyForDeploymentPostprocessing = 0;
		};
/* End PBXSourcesBuildPhase section */

/* Begin XCBuildConfiguration section */
		C01FCF4B08A954540054247B /* Debug */ = {
			isa = XCBuildConfiguration;
			buildSettings = {
				COMBINE_HIDPI_IMAGES = YES;
				COPY_PHASE_STRIP = NO;
				DEAD_CODE_STRIPPING = YES;
				GCC_DYNAMIC_NO_PIC = NO;
				GCC_INLINES_ARE_PRIVATE_EXTERN = YES;
				GCC_OPTIMIZATION_LEVEL = 0;
				GCC_PRECOMPILE_PREFIX_HEADER = YES;
				GCC_PREFIX_HEADER = multiuser_Prefix.pch;
				GCC_PREPROCESSOR_DEFINITIONS = (
					"DEBUG=1",
					"$(inherited)",
				);
				GCC_SYMBOLS_PRIVATE_EXTERN = NO;
				INFOPLIST_FILE = Info.plist;
				INSTALL_PATH = "$(HOME)/Applications";
				OTHER_LDFLAGS = "\"$(CINDER_PATH)/lib/libcinder_d.a\"";
				PRODUCT_NAME = multiuser;
				SYMROOT = ./build;
				WRAPPER_EXTENSION = app;
			};
			name = Debug;
		};
		C01FCF4C08A954540054247B /* Release */ = {
			isa = XCBuildConfiguration;
			buildSettings = {
				COMBINE_HIDPI_IMAGES = YES;
				DEAD_CODE_STRIPPING = YES;
				DEBUG_INFORMATION_FORMAT = "dwarf-with-dsym";
				GCC_FAST_MATH = YES;
				GCC_GENERATE_DEBUGGING_SYMBOLS = NO;
				GCC_INLINES_ARE_PRIVATE_EXTERN = YES;
				GCC_OPTIMIZATION_LEVEL = 3;
				GCC_PRECOMPILE_PREFIX_HEADER = YES;
				GCC_PREFIX_HEADER = multiuser_Prefix.pch;
				GCC_PREPROCESSOR_DEFINITIONS = (
					"NDEBUG=1",
					"$(inherited)",
				);
				GCC_SYMBOLS_PRIVATE_EXTERN = NO;
				INFOPLIST_FILE = Info.plist;
				INSTALL_PATH = "$(HOME)/Applications";
				OTHER_LDFLAGS = "\"$(CINDER_PATH)/lib/libcinder.a\"";
				PRODUCT_NAME = multiuser;
				STRIP_INSTALLED_PRODUCT = YES;
				SYMROOT = ./build;
				WRAPPER_EXTENSION = app;
			};
			name = Release;
		};
		C01FCF4F08A954540054247B /* Debug */ = {
			isa = XCBuildConfiguration;
			buildSettings = {
				ALWAYS_SEARCH_USER_PATHS = NO;
				ARCHS = i386;
				CINDER_PATH = ../../../../../Documents/crashlab/_cinder_0.8.6_mac;
				CLANG_CXX_LANGUAGE_STANDARD = "c++0x";
				CLANG_CXX_LIBRARY = "libc++";
				GCC_WARN_ABOUT_RETURN_TYPE = YES;
				GCC_WARN_UNUSED_VARIABLE = YES;
				HEADER_SEARCH_PATHS = "\"$(CINDER_PATH)/boost\"";
				MACOSX_DEPLOYMENT_TARGET = 10.7;
				SDKROOT = macosx;
				USER_HEADER_SEARCH_PATHS = "\"$(CINDER_PATH)/include\" ../include \"../blocks/cinder-OSC/src\" \"../blocks/cinder-OSC/include\" \"../blocks/cinder-OSC/include/osc\" \"../blocks/cinder-OSC/include/ip\" \"../blocks/Most-Pixels-Ever/include\"";
			};
			name = Debug;
		};
		C01FCF5008A954540054247B /* Release */ = {
			isa = XCBuildConfiguration;
			buildSettings = {
				ALWAYS_SEARCH_USER_PATHS = NO;
				ARCHS = i386;
				CINDER_PATH = ../../../../../Documents/crashlab/_cinder_0.8.6_mac;
				CLANG_CXX_LANGUAGE_STANDARD = "c++0x";
				CLANG_CXX_LIBRARY = "libc++";
				GCC_WARN_ABOUT_RETURN_TYPE = YES;
				GCC_WARN_UNUSED_VARIABLE = YES;
				HEADER_SEARCH_PATHS = "\"$(CINDER_PATH)/boost\"";
				MACOSX_DEPLOYMENT_TARGET = 10.7;
				SDKROOT = macosx;
				USER_HEADER_SEARCH_PATHS = "\"$(CINDER_PATH)/include\" ../include \"../blocks/cinder-OSC/src\" \"../blocks/cinder-OSC/include\" \"../blocks/cinder-OSC/include/osc\" \"../blocks/cinder-OSC/include/ip\" \"../blocks/Most-Pixels-Ever/include\"";
			};
			name = Release;
		};
/* End XCBuildConfiguration section */

/* Begin XCConfigurationList section */
		C01FCF4A08A954540054247B /* Build configuration list for PBXNativeTarget "multiuser" */ = {
			isa = XCConfigurationList;
			buildConfigurations = (
				C01FCF4B08A954540054247B /* Debug */,
				C01FCF4C08A954540054247B /* Release */,
			);
			defaultConfigurationIsVisible = 0;
			defaultConfigurationName = Release;
		};
		C01FCF4E08A954540054247B /* Build configuration list for PBXProject "multiuser" */ = {
			isa = XCConfigurationList;
			buildConfigurations = (
				C01FCF4F08A954540054247B /* Debug */,
				C01FCF5008A954540054247B /* Release */,
			);
			defaultConfigurationIsVisible = 0;
			defaultConfigurationName = Release;
		};
/* End XCConfigurationList section */
	};
	rootObject = 29B97313FDCFA39411CA2CEA /* Project object */;
}
